
Microsoft Visual Studio Solution File, Format Version 12.00
# Visual Studio Version 17
VisualStudioVersion = 17.0.32014.148
MinimumVisualStudioVersion = 10.0.40219.1
Project("{FAE04EC0-301F-11D3-BF4B-00C04F79EFBC}") = "AtvCombobox", "AtvCombobox\AtvCombobox.csproj", "{6C1F6775-84F3-4025-B759-2EC31D7ABF6F}"
EndProject
Global
	GlobalSection(SolutionConfigurationPlatforms) = preSolution
		Debug|Any CPU = Debug|Any CPU
		Release|Any CPU = Release|Any CPU
	EndGlobalSection
	GlobalSection(ProjectConfigurationPlatforms) = postSolution
		{6C1F6775-84F3-4025-B759-2EC31D7ABF6F}.Debug|Any CPU.ActiveCfg = Debug|Any CPU
		{6C1F6775-84F3-4025-B759-2EC31D7ABF6F}.Debug|Any CPU.Build.0 = Debug|Any CPU
		{6C1F6775-84F3-4025-B759-2EC31D7ABF6F}.Release|Any CPU.ActiveCfg = Release|Any CPU
		{6C1F6775-84F3-4025-B759-2EC31D7ABF6F}.Release|Any CPU.Build.0 = Release|Any CPU
	EndGlobalSection
	GlobalSection(SolutionProperties) = preSolution
		HideSolutionNode = FALSE
	EndGlobalSection
	GlobalSection(ExtensibilityGlobals) = postSolution
		SolutionGuid = {9DC88D53-4C97-4348-963E-48FAA9D8FC84}
	EndGlobalSection
EndGlobal
